{
  "name": "yt-dlp-web",
  "lockfileVersion": 3,
  "requires": true,
  "packages": {
    "": {
      "name": "yt-dlp-web",
      "hasInstallScript": true,
      "dependencies": {
        "@mediabunny/aac-encoder": "1.60.0",
        "@mediabunny/flac-encoder": "1.60.0",
        "@mediabunny/mp3-encoder": "1.60.0",
        "mediabunny": "1.60.0",
        "pyodide": "314.0.4"
      },
      "engines": {
        "node": ">=20.11"
      }
    },
    "node_modules/@mediabunny/aac-encoder": {
      "version": "1.60.0",
      "resolved": "https://registry.npmjs.org/@mediabunny/aac-encoder/-/aac-encoder-1.60.0.tgz",
      "integrity": "sha512-wevrs3VuwOKMmXkEn01KIwapKAe5QoGazWyND1B9pYUz+GC+wxfVcyv9kUfrpXDfy/xPhM7pOePCHSC9aw0k5A==",
      "license": "MPL-2.0",
      "funding": {
        "type": "individual",
        "url": "https://github.com/sponsors/Vanilagy"
      },
      "peerDependencies": {
        "mediabunny": "^1.0.0"
      }
    },
    "node_modules/@mediabunny/flac-encoder": {
      "version": "1.60.0",
      "resolved": "https://registry.npmjs.org/@mediabunny/flac-encoder/-/flac-encoder-1.60.0.tgz",
      "integrity": "sha512-h4wkyA/XnciSDpQ7ISQyTS/nexno5RZtLfGp4l8ivJ6sYjlSGR0X769R+Ns/HtLKDPu97VO6WCD1LgKWu8UmmQ==",
      "license": "MPL-2.0",
      "funding": {
        "type": "individual",
        "url": "https://github.com/sponsors/Vanilagy"
      },
      "peerDependencies": {
        "mediabunny": "^1.0.0"
      }
    },
    "node_modules/@mediabunny/mp3-encoder": {
      "version": "1.60.0",
      "resolved": "https://registry.npmjs.org/@mediabunny/mp3-encoder/-/mp3-encoder-1.60.0.tgz",
      "integrity": "sha512-dcDS+hh0g6JBJissiTUkbRCjUFLM348qZQBGgsVawmr61CzJK9ZgN9f/9BzkVzTlhmxxriRx8jYCK+Anqx8mMQ==",
      "license": "MPL-2.0",
      "funding": {
        "type": "individual",
        "url": "https://github.com/sponsors/Vanilagy"
      },
      "peerDependencies": {
        "mediabunny": "^1.0.0"
      }
    },
    "node_modules/@types/dom-mediacapture-transform": {
      "version": "0.1.12",
      "resolved": "https://registry.npmjs.org/@types/dom-mediacapture-transform/-/dom-mediacapture-transform-0.1.12.tgz",
      "integrity": "sha512-d7/QsLRwF864A5mgIM/YrfiglHoYn7zgCcAoJgW404r+2DwnNr7EBbLnCWpmOMgH8y0te73L1AV6H1bmauaWFw==",
      "license": "MIT",
      "dependencies": {
        "@types/dom-webcodecs": "*"
      }
    },
    "node_modules/@types/dom-webcodecs": {
      "version": "0.1.13",
      "resolved": "https://registry.npmjs.org/@types/dom-webcodecs/-/dom-webcodecs-0.1.13.tgz",
      "integrity": "sha512-O5hkiFIcjjszPIYyUSyvScyvrBoV3NOEEZx/pMlsu44TKzWNkLVBBxnxJz42in5n3QIolYOcBYFCPZZ0h8SkwQ==",
      "license": "MIT"
    },
    "node_modules/@types/emscripten": {
      "version": "1.41.6",
      "resolved": "https://registry.npmjs.org/@types/emscripten/-/emscripten-1.41.6.tgz",
      "integrity": "sha512-uN+9i8bFT5CUcZfyIEYDrSueACEyKGbUs5kC/72DGlZZoinh84sJfVV0i8UOJD1asdzkvLPBRrKs41kZ8MdEXg==",
      "license": "MIT"
    },
    "node_modules/mediabunny": {
      "version": "1.60.0",
      "resolved": "https://registry.npmjs.org/mediabunny/-/mediabunny-1.60.0.tgz",
      "integrity": "sha512-CRQ/2D+qUF9w2IyjbjTxxSLEG+PeWeD4whb43UpUBpeNomWb/ffn+ngKgqJSPZ+bmO66MX2yBJQITZ6ijfRjug==",
      "license": "MPL-2.0",
      "workspaces": [
        ".",
        "packages/*"
      ],
      "dependencies": {
        "@types/dom-mediacapture-transform": "^0.1.11",
        "@types/dom-webcodecs": "0.1.13"
      },
      "funding": {
        "type": "individual",
        "url": "https://github.com/sponsors/Vanilagy"
      }
    },
    "node_modules/pyodide": {
      "version": "314.0.4",
      "resolved": "https://registry.npmjs.org/pyodide/-/pyodide-314.0.4.tgz",
      "integrity": "sha512-fMexKS5P/s8iTjczevLUv/aWq9i5yaGvBTpBW6gM+nzDNelfPpREma/xdDK2AAGebAuKnBJk7fyVP6RBlz4btg==",
      "license": "MPL-2.0",
      "dependencies": {
        "@types/emscripten": "^1.41.4",
        "ws": "^8.5.0"
      },
      "engines": {
        "node": ">=18.0.0"
      }
    },
    "node_modules/ws": {
      "version": "8.22.0",
      "resolved": "https://registry.npmjs.org/ws/-/ws-8.22.0.tgz",
      "integrity": "sha512-Ydggc987+RO0AnWtZ/7Wq9FtNvcrL1b/RO0ud9mWjUPgDrsAAwQSF51sm2hm1XofbU/4jkpGEsLFsZZxU+1DOg==",
      "license": "MIT",
      "engines": {
        "node": ">=10.0.0"
      },
      "peerDependencies": {
        "bufferutil": "^4.0.1",
        "utf-8-validate": ">=5.0.2"
      },
      "peerDependenciesMeta": {
        "bufferutil": {
          "optional": true
        },
        "utf-8-validate": {
          "optional": true
        }
      }
    }
  }
}
